
Microsoft Visual Studio Solution File, Format Version 12.00
# Visual Studio Version 17
VisualStudioVersion = 17.10.35122.118
MinimumVisualStudioVersion = 10.0.40219.1
Project("{FAE04EC0-301F-11D3-BF4B-00C04F79EFBC}") = "PigLatinCapstone", "PigLatinCapstone\PigLatinCapstone.csproj", "{979A354D-7F78-4D95-AA03-8DD1DA1CCBDC}"
EndProject
Global
	GlobalSection(SolutionConfigurationPlatforms) = preSolution
		Debug|Any CPU = Debug|Any CPU
		Release|Any CPU = Release|Any CPU
	EndGlobalSection
	GlobalSection(ProjectConfigurationPlatforms) = postSolution
		{979A354D-7F78-4D95-AA03-8DD1DA1CCBDC}.Debug|Any CPU.ActiveCfg = Debug|Any CPU
		{979A354D-7F78-4D95-AA03-8DD1DA1CCBDC}.Debug|Any CPU.Build.0 = Debug|Any CPU
		{979A354D-7F78-4D95-AA03-8DD1DA1CCBDC}.Release|Any CPU.ActiveCfg = Release|Any CPU
		{979A354D-7F78-4D95-AA03-8DD1DA1CCBDC}.Release|Any CPU.Build.0 = Release|Any CPU
	EndGlobalSection
	GlobalSection(SolutionProperties) = preSolution
		HideSolutionNode = FALSE
	EndGlobalSection
	GlobalSection(ExtensibilityGlobals) = postSolution
		SolutionGuid = {2FD0C283-9928-4C5B-9616-63039D0915A1}
	EndGlobalSection
EndGlobal
